
Microsoft Visual Studio Solution File, Format Version 12.00
# Visual Studio 15
VisualStudioVersion = 15.0.26228.4
MinimumVisualStudioVersion = 10.0.40219.1
Project("{FAE04EC0-301F-11D3-BF4B-00C04F79EFBC}") = "UserRightsInfo", "UserRightsInfo\UserRightsInfo.csproj", "{F4093A76-A802-48DA-AD40-4AA3EDDB748D}"
EndProject
Project("{FAE04EC0-301F-11D3-BF4B-00C04F79EFBC}") = "CnkiAuthMngr", "CnkiAuthMngr\CnkiAuthMngr.csproj", "{8777B1AB-FF8E-4394-848F-EC3D00423767}"
EndProject
Global
	GlobalSection(SolutionConfigurationPlatforms) = preSolution
		Debug|Any CPU = Debug|Any CPU
		ECP|Any CPU = ECP|Any CPU
		Release|Any CPU = Release|Any CPU
		TRACE|Any CPU = TRACE|Any CPU
	EndGlobalSection
	GlobalSection(ProjectConfigurationPlatforms) = postSolution
		{F4093A76-A802-48DA-AD40-4AA3EDDB748D}.Debug|Any CPU.ActiveCfg = Debug|Any CPU
		{F4093A76-A802-48DA-AD40-4AA3EDDB748D}.Debug|Any CPU.Build.0 = Debug|Any CPU
		{F4093A76-A802-48DA-AD40-4AA3EDDB748D}.ECP|Any CPU.ActiveCfg = Release|Any CPU
		{F4093A76-A802-48DA-AD40-4AA3EDDB748D}.ECP|Any CPU.Build.0 = Release|Any CPU
		{F4093A76-A802-48DA-AD40-4AA3EDDB748D}.Release|Any CPU.ActiveCfg = Release|Any CPU
		{F4093A76-A802-48DA-AD40-4AA3EDDB748D}.Release|Any CPU.Build.0 = Release|Any CPU
		{F4093A76-A802-48DA-AD40-4AA3EDDB748D}.TRACE|Any CPU.ActiveCfg = Release|Any CPU
		{F4093A76-A802-48DA-AD40-4AA3EDDB748D}.TRACE|Any CPU.Build.0 = Release|Any CPU
		{8777B1AB-FF8E-4394-848F-EC3D00423767}.Debug|Any CPU.ActiveCfg = Debug|Any CPU
		{8777B1AB-FF8E-4394-848F-EC3D00423767}.Debug|Any CPU.Build.0 = Debug|Any CPU
		{8777B1AB-FF8E-4394-848F-EC3D00423767}.ECP|Any CPU.ActiveCfg = Release|Any CPU
		{8777B1AB-FF8E-4394-848F-EC3D00423767}.ECP|Any CPU.Build.0 = Release|Any CPU
		{8777B1AB-FF8E-4394-848F-EC3D00423767}.Release|Any CPU.ActiveCfg = Release|Any CPU
		{8777B1AB-FF8E-4394-848F-EC3D00423767}.Release|Any CPU.Build.0 = Release|Any CPU
		{8777B1AB-FF8E-4394-848F-EC3D00423767}.TRACE|Any CPU.ActiveCfg = Release|Any CPU
		{8777B1AB-FF8E-4394-848F-EC3D00423767}.TRACE|Any CPU.Build.0 = Release|Any CPU
	EndGlobalSection
	GlobalSection(SolutionProperties) = preSolution
		HideSolutionNode = FALSE
	EndGlobalSection
EndGlobal
